
Microsoft Visual Studio Solution File, Format Version 12.00
# Visual Studio Version 17
VisualStudioVersion = 17.1.32328.378
MinimumVisualStudioVersion = 10.0.40219.1
Project("{FAE04EC0-301F-11D3-BF4B-00C04F79EFBC}") = "TestGitHubVisual", "TestGitHubVisual.csproj", "{182E61C1-E688-4C61-B1C4-407BDAF08291}"
EndProject
Global
	GlobalSection(SolutionConfigurationPlatforms) = preSolution
		Debug|Any CPU = Debug|Any CPU
		Release|Any CPU = Release|Any CPU
	EndGlobalSection
	GlobalSection(ProjectConfigurationPlatforms) = postSolution
		{182E61C1-E688-4C61-B1C4-407BDAF08291}.Debug|Any CPU.ActiveCfg = Debug|Any CPU
		{182E61C1-E688-4C61-B1C4-407BDAF08291}.Debug|Any CPU.Build.0 = Debug|Any CPU
		{182E61C1-E688-4C61-B1C4-407BDAF08291}.Release|Any CPU.ActiveCfg = Release|Any CPU
		{182E61C1-E688-4C61-B1C4-407BDAF08291}.Release|Any CPU.Build.0 = Release|Any CPU
	EndGlobalSection
	GlobalSection(SolutionProperties) = preSolution
		HideSolutionNode = FALSE
	EndGlobalSection
	GlobalSection(ExtensibilityGlobals) = postSolution
		SolutionGuid = {59E61DEE-A5B3-41C4-80EB-CF3F20AA086F}
	EndGlobalSection
EndGlobal
